
Microsoft Visual Studio Solution File, Format Version 12.00
# Visual Studio Version 16
VisualStudioVersion = 16.0.31702.278
MinimumVisualStudioVersion = 10.0.40219.1
Project("{FAE04EC0-301F-11D3-BF4B-00C04F79EFBC}") = "Ex1", "Ex1\Ex1.csproj", "{EA4899FE-9AE0-4AAE-8724-3EEF2155CA36}"
EndProject
Project("{FAE04EC0-301F-11D3-BF4B-00C04F79EFBC}") = "UWP-017 EX1", "UWP-017\UWP-017 EX1.csproj", "{C75D76B6-0640-4D7B-A696-9161D03E343D}"
EndProject
Project("{FAE04EC0-301F-11D3-BF4B-00C04F79EFBC}") = "UWP-017 Ex 2", "UWP-017 Ex 2\UWP-017 Ex 2.csproj", "{0BE889F0-FCAD-4973-B956-9879279B8577}"
EndProject
Project("{FAE04EC0-301F-11D3-BF4B-00C04F79EFBC}") = "UWP-018", "UWP-018\UWP-018.csproj", "{150F562F-6C6F-4DDD-8D77-C4932ED2FA0A}"
EndProject
Project("{FAE04EC0-301F-11D3-BF4B-00C04F79EFBC}") = "UWP-019", "UWP-019\UWP-019.csproj", "{28852188-08B2-433C-81D9-C6350B916855}"
EndProject
Global
	GlobalSection(SolutionConfigurationPlatforms) = preSolution
		Debug|ARM = Debug|ARM
		Debug|ARM64 = Debug|ARM64
		Debug|x64 = Debug|x64
		Debug|x86 = Debug|x86
		Release|ARM = Release|ARM
		Release|ARM64 = Release|ARM64
		Release|x64 = Release|x64
		Release|x86 = Release|x86
	EndGlobalSection
	GlobalSection(ProjectConfigurationPlatforms) = postSolution
		{EA4899FE-9AE0-4AAE-8724-3EEF2155CA36}.Debug|ARM.ActiveCfg = Debug|ARM
		{EA4899FE-9AE0-4AAE-8724-3EEF2155CA36}.Debug|ARM.Build.0 = Debug|ARM
		{EA4899FE-9AE0-4AAE-8724-3EEF2155CA36}.Debug|ARM.Deploy.0 = Debug|ARM
		{EA4899FE-9AE0-4AAE-8724-3EEF2155CA36}.Debug|ARM64.ActiveCfg = Debug|ARM64
		{EA4899FE-9AE0-4AAE-8724-3EEF2155CA36}.Debug|ARM64.Build.0 = Debug|ARM64
		{EA4899FE-9AE0-4AAE-8724-3EEF2155CA36}.Debug|ARM64.Deploy.0 = Debug|ARM64
		{EA4899FE-9AE0-4AAE-8724-3EEF2155CA36}.Debug|x64.ActiveCfg = Debug|x64
		{EA4899FE-9AE0-4AAE-8724-3EEF2155CA36}.Debug|x64.Build.0 = Debug|x64
		{EA4899FE-9AE0-4AAE-8724-3EEF2155CA36}.Debug|x64.Deploy.0 = Debug|x64
		{EA4899FE-9AE0-4AAE-8724-3EEF2155CA36}.Debug|x86.ActiveCfg = Debug|x86
		{EA4899FE-9AE0-4AAE-8724-3EEF2155CA36}.Debug|x86.Build.0 = Debug|x86
		{EA4899FE-9AE0-4AAE-8724-3EEF2155CA36}.Debug|x86.Deploy.0 = Debug|x86
		{EA4899FE-9AE0-4AAE-8724-3EEF2155CA36}.Release|ARM.ActiveCfg = Release|ARM
		{EA4899FE-9AE0-4AAE-8724-3EEF2155CA36}.Release|ARM.Build.0 = Release|ARM
		{EA4899FE-9AE0-4AAE-8724-3EEF2155CA36}.Release|ARM.Deploy.0 = Release|ARM
		{EA4899FE-9AE0-4AAE-8724-3EEF2155CA36}.Release|ARM64.ActiveCfg = Release|ARM64
		{EA4899FE-9AE0-4AAE-8724-3EEF2155CA36}.Release|ARM64.Build.0 = Release|ARM64
		{EA4899FE-9AE0-4AAE-8724-3EEF2155CA36}.Release|ARM64.Deploy.0 = Release|ARM64
		{EA4899FE-9AE0-4AAE-8724-3EEF2155CA36}.Release|x64.ActiveCfg = Release|x64
		{EA4899FE-9AE0-4AAE-8724-3EEF2155CA36}.Release|x64.Build.0 = Release|x64
		{EA4899FE-9AE0-4AAE-8724-3EEF2155CA36}.Release|x64.Deploy.0 = Release|x64
		{EA4899FE-9AE0-4AAE-8724-3EEF2155CA36}.Release|x86.ActiveCfg = Release|x86
		{EA4899FE-9AE0-4AAE-8724-3EEF2155CA36}.Release|x86.Build.0 = Release|x86
		{EA4899FE-9AE0-4AAE-8724-3EEF2155CA36}.Release|x86.Deploy.0 = Release|x86
		{C75D76B6-0640-4D7B-A696-9161D03E343D}.Debug|ARM.ActiveCfg = Debug|ARM
		{C75D76B6-0640-4D7B-A696-9161D03E343D}.Debug|ARM.Build.0 = Debug|ARM
		{C75D76B6-0640-4D7B-A696-9161D03E343D}.Debug|ARM.Deploy.0 = Debug|ARM
		{C75D76B6-0640-4D7B-A696-9161D03E343D}.Debug|ARM64.ActiveCfg = Debug|ARM64
		{C75D76B6-0640-4D7B-A696-9161D03E343D}.Debug|ARM64.Build.0 = Debug|ARM64
		{C75D76B6-0640-4D7B-A696-9161D03E343D}.Debug|ARM64.Deploy.0 = Debug|ARM64
		{C75D76B6-0640-4D7B-A696-9161D03E343D}.Debug|x64.ActiveCfg = Debug|x64
		{C75D76B6-0640-4D7B-A696-9161D03E343D}.Debug|x64.Build.0 = Debug|x64
		{C75D76B6-0640-4D7B-A696-9161D03E343D}.Debug|x64.Deploy.0 = Debug|x64
		{C75D76B6-0640-4D7B-A696-9161D03E343D}.Debug|x86.ActiveCfg = Debug|x86
		{C75D76B6-0640-4D7B-A696-9161D03E343D}.Debug|x86.Build.0 = Debug|x86
		{C75D76B6-0640-4D7B-A696-9161D03E343D}.Debug|x86.Deploy.0 = Debug|x86
		{C75D76B6-0640-4D7B-A696-9161D03E343D}.Release|ARM.ActiveCfg = Release|ARM
		{C75D76B6-0640-4D7B-A696-9161D03E343D}.Release|ARM.Build.0 = Release|ARM
		{C75D76B6-0640-4D7B-A696-9161D03E343D}.Release|ARM.Deploy.0 = Release|ARM
		{C75D76B6-0640-4D7B-A696-9161D03E343D}.Release|ARM64.ActiveCfg = Release|ARM64
		{C75D76B6-0640-4D7B-A696-9161D03E343D}.Release|ARM64.Build.0 = Release|ARM64
		{C75D76B6-0640-4D7B-A696-9161D03E343D}.Release|ARM64.Deploy.0 = Release|ARM64
		{C75D76B6-0640-4D7B-A696-9161D03E343D}.Release|x64.ActiveCfg = Release|x64
		{C75D76B6-0640-4D7B-A696-9161D03E343D}.Release|x64.Build.0 = Release|x64
		{C75D76B6-0640-4D7B-A696-9161D03E343D}.Release|x64.Deploy.0 = Release|x64
		{C75D76B6-0640-4D7B-A696-9161D03E343D}.Release|x86.ActiveCfg = Release|x86
		{C75D76B6-0640-4D7B-A696-9161D03E343D}.Release|x86.Build.0 = Release|x86
		{C75D76B6-0640-4D7B-A696-9161D03E343D}.Release|x86.Deploy.0 = Release|x86
		{0BE889F0-FCAD-4973-B956-9879279B8577}.Debug|ARM.ActiveCfg = Debug|ARM
		{0BE889F0-FCAD-4973-B956-9879279B8577}.Debug|ARM.Build.0 = Debug|ARM
		{0BE889F0-FCAD-4973-B956-9879279B8577}.Debug|ARM.Deploy.0 = Debug|ARM
		{0BE889F0-FCAD-4973-B956-9879279B8577}.Debug|ARM64.ActiveCfg = Debug|ARM64
		{0BE889F0-FCAD-4973-B956-9879279B8577}.Debug|ARM64.Build.0 = Debug|ARM64
		{0BE889F0-FCAD-4973-B956-9879279B8577}.Debug|ARM64.Deploy.0 = Debug|ARM64
		{0BE889F0-FCAD-4973-B956-9879279B8577}.Debug|x64.ActiveCfg = Debug|x64
		{0BE889F0-FCAD-4973-B956-9879279B8577}.Debug|x64.Build.0 = Debug|x64
		{0BE889F0-FCAD-4973-B956-9879279B8577}.Debug|x64.Deploy.0 = Debug|x64
		{0BE889F0-FCAD-4973-B956-9879279B8577}.Debug|x86.ActiveCfg = Debug|x86
		{0BE889F0-FCAD-4973-B956-9879279B8577}.Debug|x86.Build.0 = Debug|x86
		{0BE889F0-FCAD-4973-B956-9879279B8577}.Debug|x86.Deploy.0 = Debug|x86
		{0BE889F0-FCAD-4973-B956-9879279B8577}.Release|ARM.ActiveCfg = Release|ARM
		{0BE889F0-FCAD-4973-B956-9879279B8577}.Release|ARM.Build.0 = Release|ARM
		{0BE889F0-FCAD-4973-B956-9879279B8577}.Release|ARM.Deploy.0 = Release|ARM
		{0BE889F0-FCAD-4973-B956-9879279B8577}.Release|ARM64.ActiveCfg = Release|ARM64
		{0BE889F0-FCAD-4973-B956-9879279B8577}.Release|ARM64.Build.0 = Release|ARM64
		{0BE889F0-FCAD-4973-B956-9879279B8577}.Release|ARM64.Deploy.0 = Release|ARM64
		{0BE889F0-FCAD-4973-B956-9879279B8577}.Release|x64.ActiveCfg = Release|x64
		{0BE889F0-FCAD-4973-B956-9879279B8577}.Release|x64.Build.0 = Release|x64
		{0BE889F0-FCAD-4973-B956-9879279B8577}.Release|x64.Deploy.0 = Release|x64
		{0BE889F0-FCAD-4973-B956-9879279B8577}.Release|x86.ActiveCfg = Release|x86
		{0BE889F0-FCAD-4973-B956-9879279B8577}.Release|x86.Build.0 = Release|x86
		{0BE889F0-FCAD-4973-B956-9879279B8577}.Release|x86.Deploy.0 = Release|x86
		{150F562F-6C6F-4DDD-8D77-C4932ED2FA0A}.Debug|ARM.ActiveCfg = Debug|ARM
		{150F562F-6C6F-4DDD-8D77-C4932ED2FA0A}.Debug|ARM.Build.0 = Debug|ARM
		{150F562F-6C6F-4DDD-8D77-C4932ED2FA0A}.Debug|ARM.Deploy.0 = Debug|ARM
		{150F562F-6C6F-4DDD-8D77-C4932ED2FA0A}.Debug|ARM64.ActiveCfg = Debug|ARM64
		{150F562F-6C6F-4DDD-8D77-C4932ED2FA0A}.Debug|ARM64.Build.0 = Debug|ARM64
		{150F562F-6C6F-4DDD-8D77-C4932ED2FA0A}.Debug|ARM64.Deploy.0 = Debug|ARM64
		{150F562F-6C6F-4DDD-8D77-C4932ED2FA0A}.Debug|x64.ActiveCfg = Debug|x64
		{150F562F-6C6F-4DDD-8D77-C4932ED2FA0A}.Debug|x64.Build.0 = Debug|x64
		{150F562F-6C6F-4DDD-8D77-C4932ED2FA0A}.Debug|x64.Deploy.0 = Debug|x64
		{150F562F-6C6F-4DDD-8D77-C4932ED2FA0A}.Debug|x86.ActiveCfg = Debug|x86
		{150F562F-6C6F-4DDD-8D77-C4932ED2FA0A}.Debug|x86.Build.0 = Debug|x86
		{150F562F-6C6F-4DDD-8D77-C4932ED2FA0A}.Debug|x86.Deploy.0 = Debug|x86
		{150F562F-6C6F-4DDD-8D77-C4932ED2FA0A}.Release|ARM.ActiveCfg = Release|ARM
		{150F562F-6C6F-4DDD-8D77-C4932ED2FA0A}.Release|ARM.Build.0 = Release|ARM
		{150F562F-6C6F-4DDD-8D77-C4932ED2FA0A}.Release|ARM.Deploy.0 = Release|ARM
		{150F562F-6C6F-4DDD-8D77-C4932ED2FA0A}.Release|ARM64.ActiveCfg = Release|ARM64
		{150F562F-6C6F-4DDD-8D77-C4932ED2FA0A}.Release|ARM64.Build.0 = Release|ARM64
		{150F562F-6C6F-4DDD-8D77-C4932ED2FA0A}.Release|ARM64.Deploy.0 = Release|ARM64
		{150F562F-6C6F-4DDD-8D77-C4932ED2FA0A}.Release|x64.ActiveCfg = Release|x64
		{150F562F-6C6F-4DDD-8D77-C4932ED2FA0A}.Release|x64.Build.0 = Release|x64
		{150F562F-6C6F-4DDD-8D77-C4932ED2FA0A}.Release|x64.Deploy.0 = Release|x64
		{150F562F-6C6F-4DDD-8D77-C4932ED2FA0A}.Release|x86.ActiveCfg = Release|x86
		{150F562F-6C6F-4DDD-8D77-C4932ED2FA0A}.Release|x86.Build.0 = Release|x86
		{150F562F-6C6F-4DDD-8D77-C4932ED2FA0A}.Release|x86.Deploy.0 = Release|x86
		{28852188-08B2-433C-81D9-C6350B916855}.Debug|ARM.ActiveCfg = Debug|ARM
		{28852188-08B2-433C-81D9-C6350B916855}.Debug|ARM.Build.0 = Debug|ARM
		{28852188-08B2-433C-81D9-C6350B916855}.Debug|ARM.Deploy.0 = Debug|ARM
		{28852188-08B2-433C-81D9-C6350B916855}.Debug|ARM64.ActiveCfg = Debug|ARM64
		{28852188-08B2-433C-81D9-C6350B916855}.Debug|ARM64.Build.0 = Debug|ARM64
		{28852188-08B2-433C-81D9-C6350B916855}.Debug|ARM64.Deploy.0 = Debug|ARM64
		{28852188-08B2-433C-81D9-C6350B916855}.Debug|x64.ActiveCfg = Debug|x64
		{28852188-08B2-433C-81D9-C6350B916855}.Debug|x64.Build.0 = Debug|x64
		{28852188-08B2-433C-81D9-C6350B916855}.Debug|x64.Deploy.0 = Debug|x64
		{28852188-08B2-433C-81D9-C6350B916855}.Debug|x86.ActiveCfg = Debug|x86
		{28852188-08B2-433C-81D9-C6350B916855}.Debug|x86.Build.0 = Debug|x86
		{28852188-08B2-433C-81D9-C6350B916855}.Debug|x86.Deploy.0 = Debug|x86
		{28852188-08B2-433C-81D9-C6350B916855}.Release|ARM.ActiveCfg = Release|ARM
		{28852188-08B2-433C-81D9-C6350B916855}.Release|ARM.Build.0 = Release|ARM
		{28852188-08B2-433C-81D9-C6350B916855}.Release|ARM.Deploy.0 = Release|ARM
		{28852188-08B2-433C-81D9-C6350B916855}.Release|ARM64.ActiveCfg = Release|ARM64
		{28852188-08B2-433C-81D9-C6350B916855}.Release|ARM64.Build.0 = Release|ARM64
		{28852188-08B2-433C-81D9-C6350B916855}.Release|ARM64.Deploy.0 = Release|ARM64
		{28852188-08B2-433C-81D9-C6350B916855}.Release|x64.ActiveCfg = Release|x64
		{28852188-08B2-433C-81D9-C6350B916855}.Release|x64.Build.0 = Release|x64
		{28852188-08B2-433C-81D9-C6350B916855}.Release|x64.Deploy.0 = Release|x64
		{28852188-08B2-433C-81D9-C6350B916855}.Release|x86.ActiveCfg = Release|x86
		{28852188-08B2-433C-81D9-C6350B916855}.Release|x86.Build.0 = Release|x86
		{28852188-08B2-433C-81D9-C6350B916855}.Release|x86.Deploy.0 = Release|x86
	EndGlobalSection
	GlobalSection(SolutionProperties) = preSolution
		HideSolutionNode = FALSE
	EndGlobalSection
	GlobalSection(ExtensibilityGlobals) = postSolution
		SolutionGuid = {404A90DC-99F1-44FC-BE06-2A16E28D31E1}
	EndGlobalSection
EndGlobal
