
Microsoft Visual Studio Solution File, Format Version 12.00
# Visual Studio Version 16
VisualStudioVersion = 16.0.31702.278
MinimumVisualStudioVersion = 10.0.40219.1
Project("{FAE04EC0-301F-11D3-BF4B-00C04F79EFBC}") = "Task6", "Task6\Task6.csproj", "{1B24D737-AC29-4E0D-81CF-828832F12D4F}"
EndProject
Project("{FAE04EC0-301F-11D3-BF4B-00C04F79EFBC}") = "UWP-038", "UWP-038\UWP-038.csproj", "{8201F719-E235-4513-BF4F-06FDB7ACFE76}"
EndProject
Project("{FAE04EC0-301F-11D3-BF4B-00C04F79EFBC}") = "UWP-039", "UWP-039\UWP-039.csproj", "{D17B1A8D-0681-4DB4-A302-4F25F419B2EA}"
EndProject
Project("{FAE04EC0-301F-11D3-BF4B-00C04F79EFBC}") = "UWP-040", "UWP-040\UWP-040.csproj", "{E8568D6C-59E3-4C7D-8725-600142FC2B45}"
EndProject
Project("{FAE04EC0-301F-11D3-BF4B-00C04F79EFBC}") = "UWP 42", "UWP 42\UWP 42.csproj", "{8D765B03-8BC2-43B9-B79F-EDA634DEC006}"
EndProject
Global
	GlobalSection(SolutionConfigurationPlatforms) = preSolution
		Debug|ARM = Debug|ARM
		Debug|ARM64 = Debug|ARM64
		Debug|x64 = Debug|x64
		Debug|x86 = Debug|x86
		Release|ARM = Release|ARM
		Release|ARM64 = Release|ARM64
		Release|x64 = Release|x64
		Release|x86 = Release|x86
	EndGlobalSection
	GlobalSection(ProjectConfigurationPlatforms) = postSolution
		{1B24D737-AC29-4E0D-81CF-828832F12D4F}.Debug|ARM.ActiveCfg = Debug|ARM
		{1B24D737-AC29-4E0D-81CF-828832F12D4F}.Debug|ARM.Build.0 = Debug|ARM
		{1B24D737-AC29-4E0D-81CF-828832F12D4F}.Debug|ARM.Deploy.0 = Debug|ARM
		{1B24D737-AC29-4E0D-81CF-828832F12D4F}.Debug|ARM64.ActiveCfg = Debug|ARM64
		{1B24D737-AC29-4E0D-81CF-828832F12D4F}.Debug|ARM64.Build.0 = Debug|ARM64
		{1B24D737-AC29-4E0D-81CF-828832F12D4F}.Debug|ARM64.Deploy.0 = Debug|ARM64
		{1B24D737-AC29-4E0D-81CF-828832F12D4F}.Debug|x64.ActiveCfg = Debug|x64
		{1B24D737-AC29-4E0D-81CF-828832F12D4F}.Debug|x64.Build.0 = Debug|x64
		{1B24D737-AC29-4E0D-81CF-828832F12D4F}.Debug|x64.Deploy.0 = Debug|x64
		{1B24D737-AC29-4E0D-81CF-828832F12D4F}.Debug|x86.ActiveCfg = Debug|x86
		{1B24D737-AC29-4E0D-81CF-828832F12D4F}.Debug|x86.Build.0 = Debug|x86
		{1B24D737-AC29-4E0D-81CF-828832F12D4F}.Debug|x86.Deploy.0 = Debug|x86
		{1B24D737-AC29-4E0D-81CF-828832F12D4F}.Release|ARM.ActiveCfg = Release|ARM
		{1B24D737-AC29-4E0D-81CF-828832F12D4F}.Release|ARM.Build.0 = Release|ARM
		{1B24D737-AC29-4E0D-81CF-828832F12D4F}.Release|ARM.Deploy.0 = Release|ARM
		{1B24D737-AC29-4E0D-81CF-828832F12D4F}.Release|ARM64.ActiveCfg = Release|ARM64
		{1B24D737-AC29-4E0D-81CF-828832F12D4F}.Release|ARM64.Build.0 = Release|ARM64
		{1B24D737-AC29-4E0D-81CF-828832F12D4F}.Release|ARM64.Deploy.0 = Release|ARM64
		{1B24D737-AC29-4E0D-81CF-828832F12D4F}.Release|x64.ActiveCfg = Release|x64
		{1B24D737-AC29-4E0D-81CF-828832F12D4F}.Release|x64.Build.0 = Release|x64
		{1B24D737-AC29-4E0D-81CF-828832F12D4F}.Release|x64.Deploy.0 = Release|x64
		{1B24D737-AC29-4E0D-81CF-828832F12D4F}.Release|x86.ActiveCfg = Release|x86
		{1B24D737-AC29-4E0D-81CF-828832F12D4F}.Release|x86.Build.0 = Release|x86
		{1B24D737-AC29-4E0D-81CF-828832F12D4F}.Release|x86.Deploy.0 = Release|x86
		{8201F719-E235-4513-BF4F-06FDB7ACFE76}.Debug|ARM.ActiveCfg = Debug|ARM
		{8201F719-E235-4513-BF4F-06FDB7ACFE76}.Debug|ARM.Build.0 = Debug|ARM
		{8201F719-E235-4513-BF4F-06FDB7ACFE76}.Debug|ARM.Deploy.0 = Debug|ARM
		{8201F719-E235-4513-BF4F-06FDB7ACFE76}.Debug|ARM64.ActiveCfg = Debug|ARM64
		{8201F719-E235-4513-BF4F-06FDB7ACFE76}.Debug|ARM64.Build.0 = Debug|ARM64
		{8201F719-E235-4513-BF4F-06FDB7ACFE76}.Debug|ARM64.Deploy.0 = Debug|ARM64
		{8201F719-E235-4513-BF4F-06FDB7ACFE76}.Debug|x64.ActiveCfg = Debug|x64
		{8201F719-E235-4513-BF4F-06FDB7ACFE76}.Debug|x64.Build.0 = Debug|x64
		{8201F719-E235-4513-BF4F-06FDB7ACFE76}.Debug|x64.Deploy.0 = Debug|x64
		{8201F719-E235-4513-BF4F-06FDB7ACFE76}.Debug|x86.ActiveCfg = Debug|x86
		{8201F719-E235-4513-BF4F-06FDB7ACFE76}.Debug|x86.Build.0 = Debug|x86
		{8201F719-E235-4513-BF4F-06FDB7ACFE76}.Debug|x86.Deploy.0 = Debug|x86
		{8201F719-E235-4513-BF4F-06FDB7ACFE76}.Release|ARM.ActiveCfg = Release|ARM
		{8201F719-E235-4513-BF4F-06FDB7ACFE76}.Release|ARM.Build.0 = Release|ARM
		{8201F719-E235-4513-BF4F-06FDB7ACFE76}.Release|ARM.Deploy.0 = Release|ARM
		{8201F719-E235-4513-BF4F-06FDB7ACFE76}.Release|ARM64.ActiveCfg = Release|ARM64
		{8201F719-E235-4513-BF4F-06FDB7ACFE76}.Release|ARM64.Build.0 = Release|ARM64
		{8201F719-E235-4513-BF4F-06FDB7ACFE76}.Release|ARM64.Deploy.0 = Release|ARM64
		{8201F719-E235-4513-BF4F-06FDB7ACFE76}.Release|x64.ActiveCfg = Release|x64
		{8201F719-E235-4513-BF4F-06FDB7ACFE76}.Release|x64.Build.0 = Release|x64
		{8201F719-E235-4513-BF4F-06FDB7ACFE76}.Release|x64.Deploy.0 = Release|x64
		{8201F719-E235-4513-BF4F-06FDB7ACFE76}.Release|x86.ActiveCfg = Release|x86
		{8201F719-E235-4513-BF4F-06FDB7ACFE76}.Release|x86.Build.0 = Release|x86
		{8201F719-E235-4513-BF4F-06FDB7ACFE76}.Release|x86.Deploy.0 = Release|x86
		{D17B1A8D-0681-4DB4-A302-4F25F419B2EA}.Debug|ARM.ActiveCfg = Debug|ARM
		{D17B1A8D-0681-4DB4-A302-4F25F419B2EA}.Debug|ARM.Build.0 = Debug|ARM
		{D17B1A8D-0681-4DB4-A302-4F25F419B2EA}.Debug|ARM.Deploy.0 = Debug|ARM
		{D17B1A8D-0681-4DB4-A302-4F25F419B2EA}.Debug|ARM64.ActiveCfg = Debug|ARM64
		{D17B1A8D-0681-4DB4-A302-4F25F419B2EA}.Debug|ARM64.Build.0 = Debug|ARM64
		{D17B1A8D-0681-4DB4-A302-4F25F419B2EA}.Debug|ARM64.Deploy.0 = Debug|ARM64
		{D17B1A8D-0681-4DB4-A302-4F25F419B2EA}.Debug|x64.ActiveCfg = Debug|x64
		{D17B1A8D-0681-4DB4-A302-4F25F419B2EA}.Debug|x64.Build.0 = Debug|x64
		{D17B1A8D-0681-4DB4-A302-4F25F419B2EA}.Debug|x64.Deploy.0 = Debug|x64
		{D17B1A8D-0681-4DB4-A302-4F25F419B2EA}.Debug|x86.ActiveCfg = Debug|x86
		{D17B1A8D-0681-4DB4-A302-4F25F419B2EA}.Debug|x86.Build.0 = Debug|x86
		{D17B1A8D-0681-4DB4-A302-4F25F419B2EA}.Debug|x86.Deploy.0 = Debug|x86
		{D17B1A8D-0681-4DB4-A302-4F25F419B2EA}.Release|ARM.ActiveCfg = Release|ARM
		{D17B1A8D-0681-4DB4-A302-4F25F419B2EA}.Release|ARM.Build.0 = Release|ARM
		{D17B1A8D-0681-4DB4-A302-4F25F419B2EA}.Release|ARM.Deploy.0 = Release|ARM
		{D17B1A8D-0681-4DB4-A302-4F25F419B2EA}.Release|ARM64.ActiveCfg = Release|ARM64
		{D17B1A8D-0681-4DB4-A302-4F25F419B2EA}.Release|ARM64.Build.0 = Release|ARM64
		{D17B1A8D-0681-4DB4-A302-4F25F419B2EA}.Release|ARM64.Deploy.0 = Release|ARM64
		{D17B1A8D-0681-4DB4-A302-4F25F419B2EA}.Release|x64.ActiveCfg = Release|x64
		{D17B1A8D-0681-4DB4-A302-4F25F419B2EA}.Release|x64.Build.0 = Release|x64
		{D17B1A8D-0681-4DB4-A302-4F25F419B2EA}.Release|x64.Deploy.0 = Release|x64
		{D17B1A8D-0681-4DB4-A302-4F25F419B2EA}.Release|x86.ActiveCfg = Release|x86
		{D17B1A8D-0681-4DB4-A302-4F25F419B2EA}.Release|x86.Build.0 = Release|x86
		{D17B1A8D-0681-4DB4-A302-4F25F419B2EA}.Release|x86.Deploy.0 = Release|x86
		{E8568D6C-59E3-4C7D-8725-600142FC2B45}.Debug|ARM.ActiveCfg = Debug|ARM
		{E8568D6C-59E3-4C7D-8725-600142FC2B45}.Debug|ARM.Build.0 = Debug|ARM
		{E8568D6C-59E3-4C7D-8725-600142FC2B45}.Debug|ARM.Deploy.0 = Debug|ARM
		{E8568D6C-59E3-4C7D-8725-600142FC2B45}.Debug|ARM64.ActiveCfg = Debug|ARM64
		{E8568D6C-59E3-4C7D-8725-600142FC2B45}.Debug|ARM64.Build.0 = Debug|ARM64
		{E8568D6C-59E3-4C7D-8725-600142FC2B45}.Debug|ARM64.Deploy.0 = Debug|ARM64
		{E8568D6C-59E3-4C7D-8725-600142FC2B45}.Debug|x64.ActiveCfg = Debug|x64
		{E8568D6C-59E3-4C7D-8725-600142FC2B45}.Debug|x64.Build.0 = Debug|x64
		{E8568D6C-59E3-4C7D-8725-600142FC2B45}.Debug|x64.Deploy.0 = Debug|x64
		{E8568D6C-59E3-4C7D-8725-600142FC2B45}.Debug|x86.ActiveCfg = Debug|x86
		{E8568D6C-59E3-4C7D-8725-600142FC2B45}.Debug|x86.Build.0 = Debug|x86
		{E8568D6C-59E3-4C7D-8725-600142FC2B45}.Debug|x86.Deploy.0 = Debug|x86
		{E8568D6C-59E3-4C7D-8725-600142FC2B45}.Release|ARM.ActiveCfg = Release|ARM
		{E8568D6C-59E3-4C7D-8725-600142FC2B45}.Release|ARM.Build.0 = Release|ARM
		{E8568D6C-59E3-4C7D-8725-600142FC2B45}.Release|ARM.Deploy.0 = Release|ARM
		{E8568D6C-59E3-4C7D-8725-600142FC2B45}.Release|ARM64.ActiveCfg = Release|ARM64
		{E8568D6C-59E3-4C7D-8725-600142FC2B45}.Release|ARM64.Build.0 = Release|ARM64
		{E8568D6C-59E3-4C7D-8725-600142FC2B45}.Release|ARM64.Deploy.0 = Release|ARM64
		{E8568D6C-59E3-4C7D-8725-600142FC2B45}.Release|x64.ActiveCfg = Release|x64
		{E8568D6C-59E3-4C7D-8725-600142FC2B45}.Release|x64.Build.0 = Release|x64
		{E8568D6C-59E3-4C7D-8725-600142FC2B45}.Release|x64.Deploy.0 = Release|x64
		{E8568D6C-59E3-4C7D-8725-600142FC2B45}.Release|x86.ActiveCfg = Release|x86
		{E8568D6C-59E3-4C7D-8725-600142FC2B45}.Release|x86.Build.0 = Release|x86
		{E8568D6C-59E3-4C7D-8725-600142FC2B45}.Release|x86.Deploy.0 = Release|x86
		{8D765B03-8BC2-43B9-B79F-EDA634DEC006}.Debug|ARM.ActiveCfg = Debug|ARM
		{8D765B03-8BC2-43B9-B79F-EDA634DEC006}.Debug|ARM.Build.0 = Debug|ARM
		{8D765B03-8BC2-43B9-B79F-EDA634DEC006}.Debug|ARM.Deploy.0 = Debug|ARM
		{8D765B03-8BC2-43B9-B79F-EDA634DEC006}.Debug|ARM64.ActiveCfg = Debug|ARM64
		{8D765B03-8BC2-43B9-B79F-EDA634DEC006}.Debug|ARM64.Build.0 = Debug|ARM64
		{8D765B03-8BC2-43B9-B79F-EDA634DEC006}.Debug|ARM64.Deploy.0 = Debug|ARM64
		{8D765B03-8BC2-43B9-B79F-EDA634DEC006}.Debug|x64.ActiveCfg = Debug|x64
		{8D765B03-8BC2-43B9-B79F-EDA634DEC006}.Debug|x64.Build.0 = Debug|x64
		{8D765B03-8BC2-43B9-B79F-EDA634DEC006}.Debug|x64.Deploy.0 = Debug|x64
		{8D765B03-8BC2-43B9-B79F-EDA634DEC006}.Debug|x86.ActiveCfg = Debug|x86
		{8D765B03-8BC2-43B9-B79F-EDA634DEC006}.Debug|x86.Build.0 = Debug|x86
		{8D765B03-8BC2-43B9-B79F-EDA634DEC006}.Debug|x86.Deploy.0 = Debug|x86
		{8D765B03-8BC2-43B9-B79F-EDA634DEC006}.Release|ARM.ActiveCfg = Release|ARM
		{8D765B03-8BC2-43B9-B79F-EDA634DEC006}.Release|ARM.Build.0 = Release|ARM
		{8D765B03-8BC2-43B9-B79F-EDA634DEC006}.Release|ARM.Deploy.0 = Release|ARM
		{8D765B03-8BC2-43B9-B79F-EDA634DEC006}.Release|ARM64.ActiveCfg = Release|ARM64
		{8D765B03-8BC2-43B9-B79F-EDA634DEC006}.Release|ARM64.Build.0 = Release|ARM64
		{8D765B03-8BC2-43B9-B79F-EDA634DEC006}.Release|ARM64.Deploy.0 = Release|ARM64
		{8D765B03-8BC2-43B9-B79F-EDA634DEC006}.Release|x64.ActiveCfg = Release|x64
		{8D765B03-8BC2-43B9-B79F-EDA634DEC006}.Release|x64.Build.0 = Release|x64
		{8D765B03-8BC2-43B9-B79F-EDA634DEC006}.Release|x64.Deploy.0 = Release|x64
		{8D765B03-8BC2-43B9-B79F-EDA634DEC006}.Release|x86.ActiveCfg = Release|x86
		{8D765B03-8BC2-43B9-B79F-EDA634DEC006}.Release|x86.Build.0 = Release|x86
		{8D765B03-8BC2-43B9-B79F-EDA634DEC006}.Release|x86.Deploy.0 = Release|x86
	EndGlobalSection
	GlobalSection(SolutionProperties) = preSolution
		HideSolutionNode = FALSE
	EndGlobalSection
	GlobalSection(ExtensibilityGlobals) = postSolution
		SolutionGuid = {20C4FEE6-B55C-46A6-870C-7A8E17DAA86C}
	EndGlobalSection
EndGlobal
