
Microsoft Visual Studio Solution File, Format Version 12.00
# Visual Studio Version 16
VisualStudioVersion = 16.0.31702.278
MinimumVisualStudioVersion = 10.0.40219.1
Project("{FAE04EC0-301F-11D3-BF4B-00C04F79EFBC}") = "UW025", "Task5\UW025.csproj", "{84D56FB7-DF14-475F-A822-933B058ED4A0}"
EndProject
Project("{FAE04EC0-301F-11D3-BF4B-00C04F79EFBC}") = "UWP-026", "UWP-026\UWP-026.csproj", "{F4E5FB11-450F-4ADC-A3D0-475978891C76}"
EndProject
Project("{FAE04EC0-301F-11D3-BF4B-00C04F79EFBC}") = "UWP-020", "UWP-025\UWP-020.csproj", "{A9A9FB23-3D49-426E-8161-3EAD6CB924F2}"
EndProject
Project("{FAE04EC0-301F-11D3-BF4B-00C04F79EFBC}") = "UWP-027", "UWP-027\UWP-027.csproj", "{43D48E34-E6B7-4AAF-ADB6-DB556F1BCACD}"
EndProject
Project("{FAE04EC0-301F-11D3-BF4B-00C04F79EFBC}") = "UWP-028", "UWP-028\UWP-028.csproj", "{30487016-D5F8-476C-88E5-940022FC46A3}"
EndProject
Global
	GlobalSection(SolutionConfigurationPlatforms) = preSolution
		Debug|ARM = Debug|ARM
		Debug|ARM64 = Debug|ARM64
		Debug|x64 = Debug|x64
		Debug|x86 = Debug|x86
		Release|ARM = Release|ARM
		Release|ARM64 = Release|ARM64
		Release|x64 = Release|x64
		Release|x86 = Release|x86
	EndGlobalSection
	GlobalSection(ProjectConfigurationPlatforms) = postSolution
		{84D56FB7-DF14-475F-A822-933B058ED4A0}.Debug|ARM.ActiveCfg = Debug|ARM
		{84D56FB7-DF14-475F-A822-933B058ED4A0}.Debug|ARM.Build.0 = Debug|ARM
		{84D56FB7-DF14-475F-A822-933B058ED4A0}.Debug|ARM.Deploy.0 = Debug|ARM
		{84D56FB7-DF14-475F-A822-933B058ED4A0}.Debug|ARM64.ActiveCfg = Debug|ARM64
		{84D56FB7-DF14-475F-A822-933B058ED4A0}.Debug|ARM64.Build.0 = Debug|ARM64
		{84D56FB7-DF14-475F-A822-933B058ED4A0}.Debug|ARM64.Deploy.0 = Debug|ARM64
		{84D56FB7-DF14-475F-A822-933B058ED4A0}.Debug|x64.ActiveCfg = Debug|x64
		{84D56FB7-DF14-475F-A822-933B058ED4A0}.Debug|x64.Build.0 = Debug|x64
		{84D56FB7-DF14-475F-A822-933B058ED4A0}.Debug|x64.Deploy.0 = Debug|x64
		{84D56FB7-DF14-475F-A822-933B058ED4A0}.Debug|x86.ActiveCfg = Debug|x86
		{84D56FB7-DF14-475F-A822-933B058ED4A0}.Debug|x86.Build.0 = Debug|x86
		{84D56FB7-DF14-475F-A822-933B058ED4A0}.Debug|x86.Deploy.0 = Debug|x86
		{84D56FB7-DF14-475F-A822-933B058ED4A0}.Release|ARM.ActiveCfg = Release|ARM
		{84D56FB7-DF14-475F-A822-933B058ED4A0}.Release|ARM.Build.0 = Release|ARM
		{84D56FB7-DF14-475F-A822-933B058ED4A0}.Release|ARM.Deploy.0 = Release|ARM
		{84D56FB7-DF14-475F-A822-933B058ED4A0}.Release|ARM64.ActiveCfg = Release|ARM64
		{84D56FB7-DF14-475F-A822-933B058ED4A0}.Release|ARM64.Build.0 = Release|ARM64
		{84D56FB7-DF14-475F-A822-933B058ED4A0}.Release|ARM64.Deploy.0 = Release|ARM64
		{84D56FB7-DF14-475F-A822-933B058ED4A0}.Release|x64.ActiveCfg = Release|x64
		{84D56FB7-DF14-475F-A822-933B058ED4A0}.Release|x64.Build.0 = Release|x64
		{84D56FB7-DF14-475F-A822-933B058ED4A0}.Release|x64.Deploy.0 = Release|x64
		{84D56FB7-DF14-475F-A822-933B058ED4A0}.Release|x86.ActiveCfg = Release|x86
		{84D56FB7-DF14-475F-A822-933B058ED4A0}.Release|x86.Build.0 = Release|x86
		{84D56FB7-DF14-475F-A822-933B058ED4A0}.Release|x86.Deploy.0 = Release|x86
		{F4E5FB11-450F-4ADC-A3D0-475978891C76}.Debug|ARM.ActiveCfg = Debug|ARM
		{F4E5FB11-450F-4ADC-A3D0-475978891C76}.Debug|ARM.Build.0 = Debug|ARM
		{F4E5FB11-450F-4ADC-A3D0-475978891C76}.Debug|ARM.Deploy.0 = Debug|ARM
		{F4E5FB11-450F-4ADC-A3D0-475978891C76}.Debug|ARM64.ActiveCfg = Debug|ARM64
		{F4E5FB11-450F-4ADC-A3D0-475978891C76}.Debug|ARM64.Build.0 = Debug|ARM64
		{F4E5FB11-450F-4ADC-A3D0-475978891C76}.Debug|ARM64.Deploy.0 = Debug|ARM64
		{F4E5FB11-450F-4ADC-A3D0-475978891C76}.Debug|x64.ActiveCfg = Debug|x64
		{F4E5FB11-450F-4ADC-A3D0-475978891C76}.Debug|x64.Build.0 = Debug|x64
		{F4E5FB11-450F-4ADC-A3D0-475978891C76}.Debug|x64.Deploy.0 = Debug|x64
		{F4E5FB11-450F-4ADC-A3D0-475978891C76}.Debug|x86.ActiveCfg = Debug|x86
		{F4E5FB11-450F-4ADC-A3D0-475978891C76}.Debug|x86.Build.0 = Debug|x86
		{F4E5FB11-450F-4ADC-A3D0-475978891C76}.Debug|x86.Deploy.0 = Debug|x86
		{F4E5FB11-450F-4ADC-A3D0-475978891C76}.Release|ARM.ActiveCfg = Release|ARM
		{F4E5FB11-450F-4ADC-A3D0-475978891C76}.Release|ARM.Build.0 = Release|ARM
		{F4E5FB11-450F-4ADC-A3D0-475978891C76}.Release|ARM.Deploy.0 = Release|ARM
		{F4E5FB11-450F-4ADC-A3D0-475978891C76}.Release|ARM64.ActiveCfg = Release|ARM64
		{F4E5FB11-450F-4ADC-A3D0-475978891C76}.Release|ARM64.Build.0 = Release|ARM64
		{F4E5FB11-450F-4ADC-A3D0-475978891C76}.Release|ARM64.Deploy.0 = Release|ARM64
		{F4E5FB11-450F-4ADC-A3D0-475978891C76}.Release|x64.ActiveCfg = Release|x64
		{F4E5FB11-450F-4ADC-A3D0-475978891C76}.Release|x64.Build.0 = Release|x64
		{F4E5FB11-450F-4ADC-A3D0-475978891C76}.Release|x64.Deploy.0 = Release|x64
		{F4E5FB11-450F-4ADC-A3D0-475978891C76}.Release|x86.ActiveCfg = Release|x86
		{F4E5FB11-450F-4ADC-A3D0-475978891C76}.Release|x86.Build.0 = Release|x86
		{F4E5FB11-450F-4ADC-A3D0-475978891C76}.Release|x86.Deploy.0 = Release|x86
		{A9A9FB23-3D49-426E-8161-3EAD6CB924F2}.Debug|ARM.ActiveCfg = Debug|ARM
		{A9A9FB23-3D49-426E-8161-3EAD6CB924F2}.Debug|ARM.Build.0 = Debug|ARM
		{A9A9FB23-3D49-426E-8161-3EAD6CB924F2}.Debug|ARM.Deploy.0 = Debug|ARM
		{A9A9FB23-3D49-426E-8161-3EAD6CB924F2}.Debug|ARM64.ActiveCfg = Debug|ARM64
		{A9A9FB23-3D49-426E-8161-3EAD6CB924F2}.Debug|ARM64.Build.0 = Debug|ARM64
		{A9A9FB23-3D49-426E-8161-3EAD6CB924F2}.Debug|ARM64.Deploy.0 = Debug|ARM64
		{A9A9FB23-3D49-426E-8161-3EAD6CB924F2}.Debug|x64.ActiveCfg = Debug|x64
		{A9A9FB23-3D49-426E-8161-3EAD6CB924F2}.Debug|x64.Build.0 = Debug|x64
		{A9A9FB23-3D49-426E-8161-3EAD6CB924F2}.Debug|x64.Deploy.0 = Debug|x64
		{A9A9FB23-3D49-426E-8161-3EAD6CB924F2}.Debug|x86.ActiveCfg = Debug|x86
		{A9A9FB23-3D49-426E-8161-3EAD6CB924F2}.Debug|x86.Build.0 = Debug|x86
		{A9A9FB23-3D49-426E-8161-3EAD6CB924F2}.Debug|x86.Deploy.0 = Debug|x86
		{A9A9FB23-3D49-426E-8161-3EAD6CB924F2}.Release|ARM.ActiveCfg = Release|ARM
		{A9A9FB23-3D49-426E-8161-3EAD6CB924F2}.Release|ARM.Build.0 = Release|ARM
		{A9A9FB23-3D49-426E-8161-3EAD6CB924F2}.Release|ARM.Deploy.0 = Release|ARM
		{A9A9FB23-3D49-426E-8161-3EAD6CB924F2}.Release|ARM64.ActiveCfg = Release|ARM64
		{A9A9FB23-3D49-426E-8161-3EAD6CB924F2}.Release|ARM64.Build.0 = Release|ARM64
		{A9A9FB23-3D49-426E-8161-3EAD6CB924F2}.Release|ARM64.Deploy.0 = Release|ARM64
		{A9A9FB23-3D49-426E-8161-3EAD6CB924F2}.Release|x64.ActiveCfg = Release|x64
		{A9A9FB23-3D49-426E-8161-3EAD6CB924F2}.Release|x64.Build.0 = Release|x64
		{A9A9FB23-3D49-426E-8161-3EAD6CB924F2}.Release|x64.Deploy.0 = Release|x64
		{A9A9FB23-3D49-426E-8161-3EAD6CB924F2}.Release|x86.ActiveCfg = Release|x86
		{A9A9FB23-3D49-426E-8161-3EAD6CB924F2}.Release|x86.Build.0 = Release|x86
		{A9A9FB23-3D49-426E-8161-3EAD6CB924F2}.Release|x86.Deploy.0 = Release|x86
		{43D48E34-E6B7-4AAF-ADB6-DB556F1BCACD}.Debug|ARM.ActiveCfg = Debug|ARM
		{43D48E34-E6B7-4AAF-ADB6-DB556F1BCACD}.Debug|ARM.Build.0 = Debug|ARM
		{43D48E34-E6B7-4AAF-ADB6-DB556F1BCACD}.Debug|ARM.Deploy.0 = Debug|ARM
		{43D48E34-E6B7-4AAF-ADB6-DB556F1BCACD}.Debug|ARM64.ActiveCfg = Debug|ARM64
		{43D48E34-E6B7-4AAF-ADB6-DB556F1BCACD}.Debug|ARM64.Build.0 = Debug|ARM64
		{43D48E34-E6B7-4AAF-ADB6-DB556F1BCACD}.Debug|ARM64.Deploy.0 = Debug|ARM64
		{43D48E34-E6B7-4AAF-ADB6-DB556F1BCACD}.Debug|x64.ActiveCfg = Debug|x64
		{43D48E34-E6B7-4AAF-ADB6-DB556F1BCACD}.Debug|x64.Build.0 = Debug|x64
		{43D48E34-E6B7-4AAF-ADB6-DB556F1BCACD}.Debug|x64.Deploy.0 = Debug|x64
		{43D48E34-E6B7-4AAF-ADB6-DB556F1BCACD}.Debug|x86.ActiveCfg = Debug|x86
		{43D48E34-E6B7-4AAF-ADB6-DB556F1BCACD}.Debug|x86.Build.0 = Debug|x86
		{43D48E34-E6B7-4AAF-ADB6-DB556F1BCACD}.Debug|x86.Deploy.0 = Debug|x86
		{43D48E34-E6B7-4AAF-ADB6-DB556F1BCACD}.Release|ARM.ActiveCfg = Release|ARM
		{43D48E34-E6B7-4AAF-ADB6-DB556F1BCACD}.Release|ARM.Build.0 = Release|ARM
		{43D48E34-E6B7-4AAF-ADB6-DB556F1BCACD}.Release|ARM.Deploy.0 = Release|ARM
		{43D48E34-E6B7-4AAF-ADB6-DB556F1BCACD}.Release|ARM64.ActiveCfg = Release|ARM64
		{43D48E34-E6B7-4AAF-ADB6-DB556F1BCACD}.Release|ARM64.Build.0 = Release|ARM64
		{43D48E34-E6B7-4AAF-ADB6-DB556F1BCACD}.Release|ARM64.Deploy.0 = Release|ARM64
		{43D48E34-E6B7-4AAF-ADB6-DB556F1BCACD}.Release|x64.ActiveCfg = Release|x64
		{43D48E34-E6B7-4AAF-ADB6-DB556F1BCACD}.Release|x64.Build.0 = Release|x64
		{43D48E34-E6B7-4AAF-ADB6-DB556F1BCACD}.Release|x64.Deploy.0 = Release|x64
		{43D48E34-E6B7-4AAF-ADB6-DB556F1BCACD}.Release|x86.ActiveCfg = Release|x86
		{43D48E34-E6B7-4AAF-ADB6-DB556F1BCACD}.Release|x86.Build.0 = Release|x86
		{43D48E34-E6B7-4AAF-ADB6-DB556F1BCACD}.Release|x86.Deploy.0 = Release|x86
		{30487016-D5F8-476C-88E5-940022FC46A3}.Debug|ARM.ActiveCfg = Debug|ARM
		{30487016-D5F8-476C-88E5-940022FC46A3}.Debug|ARM.Build.0 = Debug|ARM
		{30487016-D5F8-476C-88E5-940022FC46A3}.Debug|ARM.Deploy.0 = Debug|ARM
		{30487016-D5F8-476C-88E5-940022FC46A3}.Debug|ARM64.ActiveCfg = Debug|ARM64
		{30487016-D5F8-476C-88E5-940022FC46A3}.Debug|ARM64.Build.0 = Debug|ARM64
		{30487016-D5F8-476C-88E5-940022FC46A3}.Debug|ARM64.Deploy.0 = Debug|ARM64
		{30487016-D5F8-476C-88E5-940022FC46A3}.Debug|x64.ActiveCfg = Debug|x64
		{30487016-D5F8-476C-88E5-940022FC46A3}.Debug|x64.Build.0 = Debug|x64
		{30487016-D5F8-476C-88E5-940022FC46A3}.Debug|x64.Deploy.0 = Debug|x64
		{30487016-D5F8-476C-88E5-940022FC46A3}.Debug|x86.ActiveCfg = Debug|x86
		{30487016-D5F8-476C-88E5-940022FC46A3}.Debug|x86.Build.0 = Debug|x86
		{30487016-D5F8-476C-88E5-940022FC46A3}.Debug|x86.Deploy.0 = Debug|x86
		{30487016-D5F8-476C-88E5-940022FC46A3}.Release|ARM.ActiveCfg = Release|ARM
		{30487016-D5F8-476C-88E5-940022FC46A3}.Release|ARM.Build.0 = Release|ARM
		{30487016-D5F8-476C-88E5-940022FC46A3}.Release|ARM.Deploy.0 = Release|ARM
		{30487016-D5F8-476C-88E5-940022FC46A3}.Release|ARM64.ActiveCfg = Release|ARM64
		{30487016-D5F8-476C-88E5-940022FC46A3}.Release|ARM64.Build.0 = Release|ARM64
		{30487016-D5F8-476C-88E5-940022FC46A3}.Release|ARM64.Deploy.0 = Release|ARM64
		{30487016-D5F8-476C-88E5-940022FC46A3}.Release|x64.ActiveCfg = Release|x64
		{30487016-D5F8-476C-88E5-940022FC46A3}.Release|x64.Build.0 = Release|x64
		{30487016-D5F8-476C-88E5-940022FC46A3}.Release|x64.Deploy.0 = Release|x64
		{30487016-D5F8-476C-88E5-940022FC46A3}.Release|x86.ActiveCfg = Release|x86
		{30487016-D5F8-476C-88E5-940022FC46A3}.Release|x86.Build.0 = Release|x86
		{30487016-D5F8-476C-88E5-940022FC46A3}.Release|x86.Deploy.0 = Release|x86
	EndGlobalSection
	GlobalSection(SolutionProperties) = preSolution
		HideSolutionNode = FALSE
	EndGlobalSection
	GlobalSection(ExtensibilityGlobals) = postSolution
		SolutionGuid = {CB629C8E-FB5F-478E-A01E-45AE8CFBB1E9}
	EndGlobalSection
EndGlobal
